// !$*UTF8*$!
{
	archiveVersion = 1;
	classes = {
	};
	objectVersion = 77;
	objects = {

/* Begin PBXBuildFile section */
		0B181CDF3247FB50CBB6DD2E /* ChatView.swift in Sources */ = {isa = PBXBuildFile; fileRef = CE410946F2815EC7F85D4EEE /* ChatView.swift */; };
		0D0DB360CB2139D9CD105FDD /* AIModelView.swift in Sources */ = {isa = PBXBuildFile; fileRef = AD240AC5F41FB7548A6ACAAE /* AIModelView.swift */; };
		0D237C23F8263BA14B3DEA0D /* AccountsView.swift in Sources */ = {isa = PBXBuildFile; fileRef = 8E766BFA08AB7F91BB1712B6 /* AccountsView.swift */; };
		1C26CDB77EDA6944D634F2DC /* HFData in Frameworks */ = {isa = PBXBuildFile; productRef = EBBB4E7ADA946CC493CCD8E2 /* HFData */; };
		205393FEB69F2093E102B84B /* HoldingsListView.swift in Sources */ = {isa = PBXBuildFile; fileRef = 7FF2D90E59D92C942E7E3FE7 /* HoldingsListView.swift */; };
		352236C1B01711525C4C8776 /* AppDependencies.swift in Sources */ = {isa = PBXBuildFile; fileRef = 8BC288CAA192326F62BFD19D /* AppDependencies.swift */; };
		37BBDF498E12129BDF064976 /* PlaidLinkHandler.swift in Sources */ = {isa = PBXBuildFile; fileRef = F8FC89250D6CBC92B50F55C3 /* PlaidLinkHandler.swift */; };
		384D55DE8CD55D6D1CEEA486 /* HFShared in Frameworks */ = {isa = PBXBuildFile; productRef = E6B06C1539B8E0971B74B184 /* HFShared */; };
		3DDC3B7711DAB6E21A13E32B /* BackgroundTaskManager.swift in Sources */ = {isa = PBXBuildFile; fileRef = 6E75DF35D133B2B6FCA553FA /* BackgroundTaskManager.swift */; };
		3E026F17ADBC38E9B9E0E1A6 /* RootView.swift in Sources */ = {isa = PBXBuildFile; fileRef = 97FCC2425F67AF0B7D080CBA /* RootView.swift */; };
		4865F825140C55E07F5719B6 /* ReceiptScanView.swift in Sources */ = {isa = PBXBuildFile; fileRef = D0784130A8775B9C900EBB98 /* ReceiptScanView.swift */; };
		5171816361E5F2355E6179E8 /* HFNetworking in Frameworks */ = {isa = PBXBuildFile; productRef = DBC8DFF752196A673A56941A /* HFNetworking */; };
		5A02EAB3AB2E7EA4ADF91346 /* LockScreenView.swift in Sources */ = {isa = PBXBuildFile; fileRef = 8B59E554885069DDB9AC8DEF /* LockScreenView.swift */; };
		6302DC7F92448F5A57E98ADF /* HFSecurity in Frameworks */ = {isa = PBXBuildFile; productRef = 61FA0EE251134504B1DC6572 /* HFSecurity */; };
		651FE9686C71C6D33684CBCA /* NotificationManager.swift in Sources */ = {isa = PBXBuildFile; fileRef = 0D404CD5A7C31F4558D6306E /* NotificationManager.swift */; };
		6950242F8F39D900626A87C8 /* TransactionsView.swift in Sources */ = {isa = PBXBuildFile; fileRef = 0299F3B531D1B3A63D9F43AB /* TransactionsView.swift */; };
		6F77059B4BCCE3C28DCF7D0A /* OnboardingView.swift in Sources */ = {isa = PBXBuildFile; fileRef = BECA4017BDB3A50B712E439F /* OnboardingView.swift */; };
		7D15025765F496689849B5A2 /* SettingsView.swift in Sources */ = {isa = PBXBuildFile; fileRef = 86261569AE7445E60380F497 /* SettingsView.swift */; };
		8583B62C738AA0B20C251561 /* ReceiptScanViewModel.swift in Sources */ = {isa = PBXBuildFile; fileRef = 2F8F9B56248915D562AE4D25 /* ReceiptScanViewModel.swift */; };
		8BA6410B957CB8020DE13A5D /* AlertsView.swift in Sources */ = {isa = PBXBuildFile; fileRef = 280B03BE24C1AE5D1B418439 /* AlertsView.swift */; };
		8F74A0CE4F4434ED586EC62C /* HyperFinTests.swift in Sources */ = {isa = PBXBuildFile; fileRef = BADB672244AE24A7EE24802F /* HyperFinTests.swift */; };
		92AA9BC7B7D17B7CD99E1910 /* AuthView.swift in Sources */ = {isa = PBXBuildFile; fileRef = 5541B2396D768CCAF95C3576 /* AuthView.swift */; };
		937BF29840076AF727069774 /* LiabilitiesListView.swift in Sources */ = {isa = PBXBuildFile; fileRef = 945C950B91177C2B72BF7BC8 /* LiabilitiesListView.swift */; };
		B1BA92FC5309FC69DD10BA4E /* SampleDataSeeder.swift in Sources */ = {isa = PBXBuildFile; fileRef = 39FB81FF22C2CA6430621D10 /* SampleDataSeeder.swift */; };
		BA9A4DE6EC90B82A7411FCB3 /* InvestmentTransactionsListView.swift in Sources */ = {isa = PBXBuildFile; fileRef = 305C652620780D166009643A /* InvestmentTransactionsListView.swift */; };
		BF58F475A7F0829D373C9D2E /* DashboardView.swift in Sources */ = {isa = PBXBuildFile; fileRef = A9D0AAF6BF2A028872566F78 /* DashboardView.swift */; };
		C47E18075B4AE8B4898FCD01 /* HFDomain in Frameworks */ = {isa = PBXBuildFile; productRef = 06B406D5ED72CF326F841681 /* HFDomain */; };
		CA33C424A3B575819B2D5642 /* HFIntelligence in Frameworks */ = {isa = PBXBuildFile; productRef = 7070996BCA655E38806E3383 /* HFIntelligence */; };
		CCDCCD2E3BB3539F6B7B837F /* PrivacySettingsView.swift in Sources */ = {isa = PBXBuildFile; fileRef = 36B4DEAAD1FBE1186ECB30A9 /* PrivacySettingsView.swift */; };
		D926B1B67A9830B178E1E4F4 /* HyperFinApp.swift in Sources */ = {isa = PBXBuildFile; fileRef = B3F04EA8EB88DC1C56FFC737 /* HyperFinApp.swift */; };
		DC676F5BBF7621C82CE518DB /* BudgetsView.swift in Sources */ = {isa = PBXBuildFile; fileRef = 8223ED97A464517E66629B24 /* BudgetsView.swift */; };
		DEB8B8871815B58364804DD0 /* ChatViewModel.swift in Sources */ = {isa = PBXBuildFile; fileRef = E401B7FE628E3A29FF091EAE /* ChatViewModel.swift */; };
		E568118B0D8681475F256A36 /* Assets.xcassets in Resources */ = {isa = PBXBuildFile; fileRef = 1A8112F02A17444D32242B8B /* Assets.xcassets */; };
		ECA81A54E093010556293B8F /* LinkKit in Frameworks */ = {isa = PBXBuildFile; productRef = 2D70D0EE1640DEA6F6FE73FF /* LinkKit */; };
		F23B5B83844A4A13E054BE9A /* PrivacyInfo.xcprivacy in Resources */ = {isa = PBXBuildFile; fileRef = 6EFA5536ED3F80B637DDFB6F /* PrivacyInfo.xcprivacy */; };
/* End PBXBuildFile section */

/* Begin PBXContainerItemProxy section */
		5FBA72182493C5B7039ED519 /* PBXContainerItemProxy */ = {
			isa = PBXContainerItemProxy;
			containerPortal = 2EBB71980AF9879A99260A44 /* Project object */;
			proxyType = 1;
			remoteGlobalIDString = E54A942D59DB489D238C7FFC;
			remoteInfo = HyperFin;
		};
/* End PBXContainerItemProxy section */

/* Begin PBXFileReference section */
		0299F3B531D1B3A63D9F43AB /* TransactionsView.swift */ = {isa = PBXFileReference; lastKnownFileType = sourcecode.swift; path = TransactionsView.swift; sourceTree = "<group>"; };
		0D404CD5A7C31F4558D6306E /* NotificationManager.swift */ = {isa = PBXFileReference; lastKnownFileType = sourcecode.swift; path = NotificationManager.swift; sourceTree = "<group>"; };
		13560AA0BA960416BF7B8F58 /* HyperFin.app */ = {isa = PBXFileReference; includeInIndex = 0; lastKnownFileType = wrapper.application; path = HyperFin.app; sourceTree = BUILT_PRODUCTS_DIR; };
		1A8112F02A17444D32242B8B /* Assets.xcassets */ = {isa = PBXFileReference; lastKnownFileType = folder.assetcatalog; path = Assets.xcassets; sourceTree = "<group>"; };
		280B03BE24C1AE5D1B418439 /* AlertsView.swift */ = {isa = PBXFileReference; lastKnownFileType = sourcecode.swift; path = AlertsView.swift; sourceTree = "<group>"; };
		2CE9DC8B48085C653DCE0318 /* HFData */ = {isa = PBXFileReference; lastKnownFileType = folder; name = HFData; path = Packages/HFData; sourceTree = SOURCE_ROOT; };
		2F8F9B56248915D562AE4D25 /* ReceiptScanViewModel.swift */ = {isa = PBXFileReference; lastKnownFileType = sourcecode.swift; path = ReceiptScanViewModel.swift; sourceTree = "<group>"; };
		305C652620780D166009643A /* InvestmentTransactionsListView.swift */ = {isa = PBXFileReference; lastKnownFileType = sourcecode.swift; path = InvestmentTransactionsListView.swift; sourceTree = "<group>"; };
		36B4DEAAD1FBE1186ECB30A9 /* PrivacySettingsView.swift */ = {isa = PBXFileReference; lastKnownFileType = sourcecode.swift; path = PrivacySettingsView.swift; sourceTree = "<group>"; };
		39FB81FF22C2CA6430621D10 /* SampleDataSeeder.swift */ = {isa = PBXFileReference; lastKnownFileType = sourcecode.swift; path = SampleDataSeeder.swift; sourceTree = "<group>"; };
		5541B2396D768CCAF95C3576 /* AuthView.swift */ = {isa = PBXFileReference; lastKnownFileType = sourcecode.swift; path = AuthView.swift; sourceTree = "<group>"; };
		62C6E08DB82B01BAB17B630D /* Info.plist */ = {isa = PBXFileReference; lastKnownFileType = text.plist; path = Info.plist; sourceTree = "<group>"; };
		646F79BBCD7A0FC53BDF6C18 /* HFShared */ = {isa = PBXFileReference; lastKnownFileType = folder; name = HFShared; path = Packages/HFShared; sourceTree = SOURCE_ROOT; };
		6E75DF35D133B2B6FCA553FA /* BackgroundTaskManager.swift */ = {isa = PBXFileReference; lastKnownFileType = sourcecode.swift; path = BackgroundTaskManager.swift; sourceTree = "<group>"; };
		6EFA5536ED3F80B637DDFB6F /* PrivacyInfo.xcprivacy */ = {isa = PBXFileReference; path = PrivacyInfo.xcprivacy; sourceTree = "<group>"; };
		7EB21E3C027B6FEA32E3F312 /* HFDomain */ = {isa = PBXFileReference; lastKnownFileType = folder; name = HFDomain; path = Packages/HFDomain; sourceTree = SOURCE_ROOT; };
		7FF2D90E59D92C942E7E3FE7 /* HoldingsListView.swift */ = {isa = PBXFileReference; lastKnownFileType = sourcecode.swift; path = HoldingsListView.swift; sourceTree = "<group>"; };
		8223ED97A464517E66629B24 /* BudgetsView.swift */ = {isa = PBXFileReference; lastKnownFileType = sourcecode.swift; path = BudgetsView.swift; sourceTree = "<group>"; };
		82550B47E0FC992D4D38F6D9 /* HFNetworking */ = {isa = PBXFileReference; lastKnownFileType = folder; name = HFNetworking; path = Packages/HFNetworking; sourceTree = SOURCE_ROOT; };
		86261569AE7445E60380F497 /* SettingsView.swift */ = {isa = PBXFileReference; lastKnownFileType = sourcecode.swift; path = SettingsView.swift; sourceTree = "<group>"; };
		88E829331FD9AAB6C117AF7C /* HyperFinTests.xctest */ = {isa = PBXFileReference; includeInIndex = 0; lastKnownFileType = wrapper.cfbundle; path = HyperFinTests.xctest; sourceTree = BUILT_PRODUCTS_DIR; };
		8B59E554885069DDB9AC8DEF /* LockScreenView.swift */ = {isa = PBXFileReference; lastKnownFileType = sourcecode.swift; path = LockScreenView.swift; sourceTree = "<group>"; };
		8BC288CAA192326F62BFD19D /* AppDependencies.swift */ = {isa = PBXFileReference; lastKnownFileType = sourcecode.swift; path = AppDependencies.swift; sourceTree = "<group>"; };
		8E766BFA08AB7F91BB1712B6 /* AccountsView.swift */ = {isa = PBXFileReference; lastKnownFileType = sourcecode.swift; path = AccountsView.swift; sourceTree = "<group>"; };
		945C950B91177C2B72BF7BC8 /* LiabilitiesListView.swift */ = {isa = PBXFileReference; lastKnownFileType = sourcecode.swift; path = LiabilitiesListView.swift; sourceTree = "<group>"; };
		97FCC2425F67AF0B7D080CBA /* RootView.swift */ = {isa = PBXFileReference; lastKnownFileType = sourcecode.swift; path = RootView.swift; sourceTree = "<group>"; };
		9CA2CD80F33BD3A9BC359EFC /* HFSecurity */ = {isa = PBXFileReference; lastKnownFileType = folder; name = HFSecurity; path = Packages/HFSecurity; sourceTree = SOURCE_ROOT; };
		A9D0AAF6BF2A028872566F78 /* DashboardView.swift */ = {isa = PBXFileReference; lastKnownFileType = sourcecode.swift; path = DashboardView.swift; sourceTree = "<group>"; };
		AD240AC5F41FB7548A6ACAAE /* AIModelView.swift */ = {isa = PBXFileReference; lastKnownFileType = sourcecode.swift; path = AIModelView.swift; sourceTree = "<group>"; };
		B147515C49C1FCC094477572 /* HFIntelligence */ = {isa = PBXFileReference; lastKnownFileType = folder; name = HFIntelligence; path = Packages/HFIntelligence; sourceTree = SOURCE_ROOT; };
		B3F04EA8EB88DC1C56FFC737 /* HyperFinApp.swift */ = {isa = PBXFileReference; lastKnownFileType = sourcecode.swift; path = HyperFinApp.swift; sourceTree = "<group>"; };
		BADB672244AE24A7EE24802F /* HyperFinTests.swift */ = {isa = PBXFileReference; lastKnownFileType = sourcecode.swift; path = HyperFinTests.swift; sourceTree = "<group>"; };
		BECA4017BDB3A50B712E439F /* OnboardingView.swift */ = {isa = PBXFileReference; lastKnownFileType = sourcecode.swift; path = OnboardingView.swift; sourceTree = "<group>"; };
		CE410946F2815EC7F85D4EEE /* ChatView.swift */ = {isa = PBXFileReference; lastKnownFileType = sourcecode.swift; path = ChatView.swift; sourceTree = "<group>"; };
		D0784130A8775B9C900EBB98 /* ReceiptScanView.swift */ = {isa = PBXFileReference; lastKnownFileType = sourcecode.swift; path = ReceiptScanView.swift; sourceTree = "<group>"; };
		E401B7FE628E3A29FF091EAE /* ChatViewModel.swift */ = {isa = PBXFileReference; lastKnownFileType = sourcecode.swift; path = ChatViewModel.swift; sourceTree = "<group>"; };
		F8FC89250D6CBC92B50F55C3 /* PlaidLinkHandler.swift */ = {isa = PBXFileReference; lastKnownFileType = sourcecode.swift; path = PlaidLinkHandler.swift; sourceTree = "<group>"; };
/* End PBXFileReference section */

/* Begin PBXFrameworksBuildPhase section */
		1EE2656E162DF515B683B293 /* Frameworks */ = {
			isa = PBXFrameworksBuildPhase;
			buildActionMask = 2147483647;
			files = (
				C47E18075B4AE8B4898FCD01 /* HFDomain in Frameworks */,
				384D55DE8CD55D6D1CEEA486 /* HFShared in Frameworks */,
				6302DC7F92448F5A57E98ADF /* HFSecurity in Frameworks */,
				1C26CDB77EDA6944D634F2DC /* HFData in Frameworks */,
				5171816361E5F2355E6179E8 /* HFNetworking in Frameworks */,
				CA33C424A3B575819B2D5642 /* HFIntelligence in Frameworks */,
				ECA81A54E093010556293B8F /* LinkKit in Frameworks */,
			);
			runOnlyForDeploymentPostprocessing = 0;
		};
/* End PBXFrameworksBuildPhase section */

/* Begin PBXGroup section */
		1279D323F36A3D0E77815C8D /* Products */ = {
			isa = PBXGroup;
			children = (
				13560AA0BA960416BF7B8F58 /* HyperFin.app */,
				88E829331FD9AAB6C117AF7C /* HyperFinTests.xctest */,
			);
			name = Products;
			sourceTree = "<group>";
		};
		164D5BEEF3D8AB9E98E81200 /* Dashboard */ = {
			isa = PBXGroup;
			children = (
				A9D0AAF6BF2A028872566F78 /* DashboardView.swift */,
			);
			path = Dashboard;
			sourceTree = "<group>";
		};
		2F7BB4978EA377917457BADC /* App */ = {
			isa = PBXGroup;
			children = (
				8BC288CAA192326F62BFD19D /* AppDependencies.swift */,
				6E75DF35D133B2B6FCA553FA /* BackgroundTaskManager.swift */,
				B3F04EA8EB88DC1C56FFC737 /* HyperFinApp.swift */,
				8B59E554885069DDB9AC8DEF /* LockScreenView.swift */,
				97FCC2425F67AF0B7D080CBA /* RootView.swift */,
				39FB81FF22C2CA6430621D10 /* SampleDataSeeder.swift */,
			);
			path = App;
			sourceTree = "<group>";
		};
		3244C415DB38503345927385 /* Onboarding */ = {
			isa = PBXGroup;
			children = (
				BECA4017BDB3A50B712E439F /* OnboardingView.swift */,
			);
			path = Onboarding;
			sourceTree = "<group>";
		};
		4F42C054B2697413D07CE237 /* Budgets */ = {
			isa = PBXGroup;
			children = (
				8223ED97A464517E66629B24 /* BudgetsView.swift */,
			);
			path = Budgets;
			sourceTree = "<group>";
		};
		52D7ADB43A18C956C486F93E /* HyperFin */ = {
			isa = PBXGroup;
			children = (
				2F7BB4978EA377917457BADC /* App */,
				A2498AB73095D8A5C9605898 /* Features */,
				7EF4DD680D524961F1507F45 /* Resources */,
			);
			path = HyperFin;
			sourceTree = "<group>";
		};
		55009619E658AE0D56AEBC75 /* Alerts */ = {
			isa = PBXGroup;
			children = (
				280B03BE24C1AE5D1B418439 /* AlertsView.swift */,
				0D404CD5A7C31F4558D6306E /* NotificationManager.swift */,
			);
			path = Alerts;
			sourceTree = "<group>";
		};
		659E121B9F2A6BF8C7233026 /* Packages */ = {
			isa = PBXGroup;
			children = (
				2CE9DC8B48085C653DCE0318 /* HFData */,
				7EB21E3C027B6FEA32E3F312 /* HFDomain */,
				B147515C49C1FCC094477572 /* HFIntelligence */,
				82550B47E0FC992D4D38F6D9 /* HFNetworking */,
				9CA2CD80F33BD3A9BC359EFC /* HFSecurity */,
				646F79BBCD7A0FC53BDF6C18 /* HFShared */,
			);
			path = Packages;
			sourceTree = "<group>";
		};
		65B072ADEC90FE5A207AA692 /* HyperFinTests */ = {
			isa = PBXGroup;
			children = (
				BADB672244AE24A7EE24802F /* HyperFinTests.swift */,
			);
			path = HyperFinTests;
			sourceTree = "<group>";
		};
		661FB10C6D9633E0D8034260 /* Chat */ = {
			isa = PBXGroup;
			children = (
				CE410946F2815EC7F85D4EEE /* ChatView.swift */,
				E401B7FE628E3A29FF091EAE /* ChatViewModel.swift */,
			);
			path = Chat;
			sourceTree = "<group>";
		};
		7EF4DD680D524961F1507F45 /* Resources */ = {
			isa = PBXGroup;
			children = (
				1A8112F02A17444D32242B8B /* Assets.xcassets */,
				62C6E08DB82B01BAB17B630D /* Info.plist */,
				6EFA5536ED3F80B637DDFB6F /* PrivacyInfo.xcprivacy */,
			);
			path = Resources;
			sourceTree = "<group>";
		};
		A2498AB73095D8A5C9605898 /* Features */ = {
			isa = PBXGroup;
			children = (
				ADA72A53EA718FAAD6F10620 /* Accounts */,
				55009619E658AE0D56AEBC75 /* Alerts */,
				CAC1E0201569A423529D2E55 /* Auth */,
				4F42C054B2697413D07CE237 /* Budgets */,
				661FB10C6D9633E0D8034260 /* Chat */,
				164D5BEEF3D8AB9E98E81200 /* Dashboard */,
				3244C415DB38503345927385 /* Onboarding */,
				A3ED250C85BDDA8707820BFE /* Settings */,
				E4936A79C0AE0E431AD4C184 /* Transactions */,
			);
			path = Features;
			sourceTree = "<group>";
		};
		A3ED250C85BDDA8707820BFE /* Settings */ = {
			isa = PBXGroup;
			children = (
				AD240AC5F41FB7548A6ACAAE /* AIModelView.swift */,
				36B4DEAAD1FBE1186ECB30A9 /* PrivacySettingsView.swift */,
				86261569AE7445E60380F497 /* SettingsView.swift */,
			);
			path = Settings;
			sourceTree = "<group>";
		};
		ADA72A53EA718FAAD6F10620 /* Accounts */ = {
			isa = PBXGroup;
			children = (
				8E766BFA08AB7F91BB1712B6 /* AccountsView.swift */,
				7FF2D90E59D92C942E7E3FE7 /* HoldingsListView.swift */,
				305C652620780D166009643A /* InvestmentTransactionsListView.swift */,
				945C950B91177C2B72BF7BC8 /* LiabilitiesListView.swift */,
				F8FC89250D6CBC92B50F55C3 /* PlaidLinkHandler.swift */,
			);
			path = Accounts;
			sourceTree = "<group>";
		};
		CAC1E0201569A423529D2E55 /* Auth */ = {
			isa = PBXGroup;
			children = (
				5541B2396D768CCAF95C3576 /* AuthView.swift */,
			);
			path = Auth;
			sourceTree = "<group>";
		};
		E447A044B1C060E3018E512F = {
			isa = PBXGroup;
			children = (
				52D7ADB43A18C956C486F93E /* HyperFin */,
				65B072ADEC90FE5A207AA692 /* HyperFinTests */,
				659E121B9F2A6BF8C7233026 /* Packages */,
				1279D323F36A3D0E77815C8D /* Products */,
			);
			sourceTree = "<group>";
		};
		E4936A79C0AE0E431AD4C184 /* Transactions */ = {
			isa = PBXGroup;
			children = (
				D0784130A8775B9C900EBB98 /* ReceiptScanView.swift */,
				2F8F9B56248915D562AE4D25 /* ReceiptScanViewModel.swift */,
				0299F3B531D1B3A63D9F43AB /* TransactionsView.swift */,
			);
			path = Transactions;
			sourceTree = "<group>";
		};
/* End PBXGroup section */

/* Begin PBXNativeTarget section */
		35AA814BBB109D26F8B9B8EF /* HyperFinTests */ = {
			isa = PBXNativeTarget;
			buildConfigurationList = 2D1943508DB1D6CCD547FC61 /* Build configuration list for PBXNativeTarget "HyperFinTests" */;
			buildPhases = (
				9E386084576CFD27CEBD0278 /* Sources */,
			);
			buildRules = (
			);
			dependencies = (
				9C42CF14C262AFABE48FDC44 /* PBXTargetDependency */,
			);
			name = HyperFinTests;
			packageProductDependencies = (
			);
			productName = HyperFinTests;
			productReference = 88E829331FD9AAB6C117AF7C /* HyperFinTests.xctest */;
			productType = "com.apple.product-type.bundle.unit-test";
		};
		E54A942D59DB489D238C7FFC /* HyperFin */ = {
			isa = PBXNativeTarget;
			buildConfigurationList = 123753D9A2B1911CA6E6BFB5 /* Build configuration list for PBXNativeTarget "HyperFin" */;
			buildPhases = (
				E59DCD4FA91FD3963FB68661 /* Sources */,
				94181AD9DFA224D54AE29913 /* Resources */,
				1EE2656E162DF515B683B293 /* Frameworks */,
			);
			buildRules = (
			);
			dependencies = (
			);
			name = HyperFin;
			packageProductDependencies = (
				06B406D5ED72CF326F841681 /* HFDomain */,
				E6B06C1539B8E0971B74B184 /* HFShared */,
				61FA0EE251134504B1DC6572 /* HFSecurity */,
				EBBB4E7ADA946CC493CCD8E2 /* HFData */,
				DBC8DFF752196A673A56941A /* HFNetworking */,
				7070996BCA655E38806E3383 /* HFIntelligence */,
				2D70D0EE1640DEA6F6FE73FF /* LinkKit */,
			);
			productName = HyperFin;
			productReference = 13560AA0BA960416BF7B8F58 /* HyperFin.app */;
			productType = "com.apple.product-type.application";
		};
/* End PBXNativeTarget section */

/* Begin PBXProject section */
		2EBB71980AF9879A99260A44 /* Project object */ = {
			isa = PBXProject;
			attributes = {
				BuildIndependentTargetsInParallel = YES;
				LastUpgradeCheck = 1600;
				TargetAttributes = {
					35AA814BBB109D26F8B9B8EF = {
						DevelopmentTeam = "";
					};
					E54A942D59DB489D238C7FFC = {
						DevelopmentTeam = "";
					};
				};
			};
			buildConfigurationList = 276BF8AE43978708FAA96928 /* Build configuration list for PBXProject "HyperFin" */;
			developmentRegion = en;
			hasScannedForEncodings = 0;
			knownRegions = (
				Base,
				en,
			);
			mainGroup = E447A044B1C060E3018E512F;
			minimizedProjectReferenceProxies = 1;
			packageReferences = (
				A2D256227F35F1A747237FE4 /* XCRemoteSwiftPackageReference "plaid-link-ios" */,
				F9A108927B45EB57BD0B16EA /* XCLocalSwiftPackageReference "Packages/HFData" */,
				BFA77E007FAF7C5644F11B0D /* XCLocalSwiftPackageReference "Packages/HFDomain" */,
				72568FA6C24C7A6227695BD4 /* XCLocalSwiftPackageReference "Packages/HFIntelligence" */,
				DE2072FC902AB498AFF171EF /* XCLocalSwiftPackageReference "Packages/HFNetworking" */,
				323C2EB7DCE8C849001F6546 /* XCLocalSwiftPackageReference "Packages/HFSecurity" */,
				E2F07A88E0510D8B31C21E70 /* XCLocalSwiftPackageReference "Packages/HFShared" */,
			);
			preferredProjectObjectVersion = 77;
			productRefGroup = 1279D323F36A3D0E77815C8D /* Products */;
			projectDirPath = "";
			projectRoot = "";
			targets = (
				E54A942D59DB489D238C7FFC /* HyperFin */,
				35AA814BBB109D26F8B9B8EF /* HyperFinTests */,
			);
		};
/* End PBXProject section */

/* Begin PBXResourcesBuildPhase section */
		94181AD9DFA224D54AE29913 /* Resources */ = {
			isa = PBXResourcesBuildPhase;
			buildActionMask = 2147483647;
			files = (
				E568118B0D8681475F256A36 /* Assets.xcassets in Resources */,
				F23B5B83844A4A13E054BE9A /* PrivacyInfo.xcprivacy in Resources */,
			);
			runOnlyForDeploymentPostprocessing = 0;
		};
/* End PBXResourcesBuildPhase section */

/* Begin PBXSourcesBuildPhase section */
		9E386084576CFD27CEBD0278 /* Sources */ = {
			isa = PBXSourcesBuildPhase;
			buildActionMask = 2147483647;
			files = (
				8F74A0CE4F4434ED586EC62C /* HyperFinTests.swift in Sources */,
			);
			runOnlyForDeploymentPostprocessing = 0;
		};
		E59DCD4FA91FD3963FB68661 /* Sources */ = {
			isa = PBXSourcesBuildPhase;
			buildActionMask = 2147483647;
			files = (
				0D0DB360CB2139D9CD105FDD /* AIModelView.swift in Sources */,
				0D237C23F8263BA14B3DEA0D /* AccountsView.swift in Sources */,
				8BA6410B957CB8020DE13A5D /* AlertsView.swift in Sources */,
				352236C1B01711525C4C8776 /* AppDependencies.swift in Sources */,
				92AA9BC7B7D17B7CD99E1910 /* AuthView.swift in Sources */,
				3DDC3B7711DAB6E21A13E32B /* BackgroundTaskManager.swift in Sources */,
				DC676F5BBF7621C82CE518DB /* BudgetsView.swift in Sources */,
				0B181CDF3247FB50CBB6DD2E /* ChatView.swift in Sources */,
				DEB8B8871815B58364804DD0 /* ChatViewModel.swift in Sources */,
				BF58F475A7F0829D373C9D2E /* DashboardView.swift in Sources */,
				205393FEB69F2093E102B84B /* HoldingsListView.swift in Sources */,
				D926B1B67A9830B178E1E4F4 /* HyperFinApp.swift in Sources */,
				BA9A4DE6EC90B82A7411FCB3 /* InvestmentTransactionsListView.swift in Sources */,
				937BF29840076AF727069774 /* LiabilitiesListView.swift in Sources */,
				5A02EAB3AB2E7EA4ADF91346 /* LockScreenView.swift in Sources */,
				651FE9686C71C6D33684CBCA /* NotificationManager.swift in Sources */,
				6F77059B4BCCE3C28DCF7D0A /* OnboardingView.swift in Sources */,
				37BBDF498E12129BDF064976 /* PlaidLinkHandler.swift in Sources */,
				CCDCCD2E3BB3539F6B7B837F /* PrivacySettingsView.swift in Sources */,
				4865F825140C55E07F5719B6 /* ReceiptScanView.swift in Sources */,
				8583B62C738AA0B20C251561 /* ReceiptScanViewModel.swift in Sources */,
				3E026F17ADBC38E9B9E0E1A6 /* RootView.swift in Sources */,
				B1BA92FC5309FC69DD10BA4E /* SampleDataSeeder.swift in Sources */,
				7D15025765F496689849B5A2 /* SettingsView.swift in Sources */,
				6950242F8F39D900626A87C8 /* TransactionsView.swift in Sources */,
			);
			runOnlyForDeploymentPostprocessing = 0;
		};
/* End PBXSourcesBuildPhase section */

/* Begin PBXTargetDependency section */
		9C42CF14C262AFABE48FDC44 /* PBXTargetDependency */ = {
			isa = PBXTargetDependency;
			target = E54A942D59DB489D238C7FFC /* HyperFin */;
			targetProxy = 5FBA72182493C5B7039ED519 /* PBXContainerItemProxy */;
		};
/* End PBXTargetDependency section */

/* Begin XCBuildConfiguration section */
		204ADA0AD3D9CFC4D1E6E82D /* Release */ = {
			isa = XCBuildConfiguration;
			buildSettings = {
				BUNDLE_LOADER = "$(TEST_HOST)";
				LD_RUNPATH_SEARCH_PATHS = (
					"$(inherited)",
					"@executable_path/Frameworks",
					"@loader_path/Frameworks",
				);
				PRODUCT_BUNDLE_IDENTIFIER = com.hyperfin.HyperFinTests;
				SDKROOT = iphoneos;
				TARGETED_DEVICE_FAMILY = "1,2";
				TEST_HOST = "$(BUILT_PRODUCTS_DIR)/HyperFin.app/HyperFin";
			};
			name = Release;
		};
		283BB8FA923E8D5652A87098 /* Release */ = {
			isa = XCBuildConfiguration;
			buildSettings = {
				ASSETCATALOG_COMPILER_APPICON_NAME = AppIcon;
				CODE_SIGN_IDENTITY = "iPhone Developer";
				CURRENT_PROJECT_VERSION = 1;
				INFOPLIST_FILE = HyperFin/Resources/Info.plist;
				LD_RUNPATH_SEARCH_PATHS = (
					"$(inherited)",
					"@executable_path/Frameworks",
				);
				MARKETING_VERSION = 1.0.0;
				PRODUCT_BUNDLE_IDENTIFIER = com.hyperfin.app;
				SDKROOT = iphoneos;
				SWIFT_STRICT_CONCURRENCY = complete;
				TARGETED_DEVICE_FAMILY = "1,2";
			};
			name = Release;
		};
		3EA8ACC905D0F5637E871406 /* Debug */ = {
			isa = XCBuildConfiguration;
			buildSettings = {
				ASSETCATALOG_COMPILER_APPICON_NAME = AppIcon;
				CODE_SIGN_IDENTITY = "iPhone Developer";
				CURRENT_PROJECT_VERSION = 1;
				INFOPLIST_FILE = HyperFin/Resources/Info.plist;
				LD_RUNPATH_SEARCH_PATHS = (
					"$(inherited)",
					"@executable_path/Frameworks",
				);
				MARKETING_VERSION = 1.0.0;
				PRODUCT_BUNDLE_IDENTIFIER = com.hyperfin.app;
				SDKROOT = iphoneos;
				SWIFT_STRICT_CONCURRENCY = complete;
				TARGETED_DEVICE_FAMILY = "1,2";
			};
			name = Debug;
		};
		85C8C58844B557C3A05B9660 /* Release */ = {
			isa = XCBuildConfiguration;
			buildSettings = {
				ALWAYS_SEARCH_USER_PATHS = NO;
				CLANG_ANALYZER_NONNULL = YES;
				CLANG_ANALYZER_NUMBER_OBJECT_CONVERSION = YES_AGGRESSIVE;
				CLANG_CXX_LANGUAGE_STANDARD = "gnu++14";
				CLANG_CXX_LIBRARY = "libc++";
				CLANG_ENABLE_MODULES = YES;
				CLANG_ENABLE_OBJC_ARC = YES;
				CLANG_ENABLE_OBJC_WEAK = YES;
				CLANG_WARN_BLOCK_CAPTURE_AUTORELEASING = YES;
				CLANG_WARN_BOOL_CONVERSION = YES;
				CLANG_WARN_COMMA = YES;
				CLANG_WARN_CONSTANT_CONVERSION = YES;
				CLANG_WARN_DEPRECATED_OBJC_IMPLEMENTATIONS = YES;
				CLANG_WARN_DIRECT_OBJC_ISA_USAGE = YES_ERROR;
				CLANG_WARN_DOCUMENTATION_COMMENTS = YES;
				CLANG_WARN_EMPTY_BODY = YES;
				CLANG_WARN_ENUM_CONVERSION = YES;
				CLANG_WARN_INFINITE_RECURSION = YES;
				CLANG_WARN_INT_CONVERSION = YES;
				CLANG_WARN_NON_LITERAL_NULL_CONVERSION = YES;
				CLANG_WARN_OBJC_IMPLICIT_RETAIN_SELF = YES;
				CLANG_WARN_OBJC_LITERAL_CONVERSION = YES;
				CLANG_WARN_OBJC_ROOT_CLASS = YES_ERROR;
				CLANG_WARN_QUOTED_INCLUDE_IN_FRAMEWORK_HEADER = YES;
				CLANG_WARN_RANGE_LOOP_ANALYSIS = YES;
				CLANG_WARN_STRICT_PROTOTYPES = YES;
				CLANG_WARN_SUSPICIOUS_MOVE = YES;
				CLANG_WARN_UNGUARDED_AVAILABILITY = YES_AGGRESSIVE;
				CLANG_WARN_UNREACHABLE_CODE = YES;
				CLANG_WARN__DUPLICATE_METHOD_MATCH = YES;
				CODE_SIGNING_REQUIRED = NO;
				CODE_SIGN_IDENTITY = "-";
				COPY_PHASE_STRIP = NO;
				DEBUG_INFORMATION_FORMAT = "dwarf-with-dsym";
				DEVELOPMENT_TEAM = "";
				ENABLE_NS_ASSERTIONS = NO;
				ENABLE_STRICT_OBJC_MSGSEND = YES;
				GCC_C_LANGUAGE_STANDARD = gnu11;
				GCC_NO_COMMON_BLOCKS = YES;
				GCC_WARN_64_TO_32_BIT_CONVERSION = YES;
				GCC_WARN_ABOUT_RETURN_TYPE = YES_ERROR;
				GCC_WARN_UNDECLARED_SELECTOR = YES;
				GCC_WARN_UNINITIALIZED_AUTOS = YES_AGGRESSIVE;
				GCC_WARN_UNUSED_FUNCTION = YES;
				GCC_WARN_UNUSED_VARIABLE = YES;
				IPHONEOS_DEPLOYMENT_TARGET = 18.0;
				MTL_ENABLE_DEBUG_INFO = NO;
				MTL_FAST_MATH = YES;
				PRODUCT_NAME = "$(TARGET_NAME)";
				SDKROOT = iphoneos;
				SWIFT_COMPILATION_MODE = wholemodule;
				SWIFT_OPTIMIZATION_LEVEL = "-O";
				SWIFT_VERSION = 6.0;
			};
			name = Release;
		};
		86733BE00E0F98E7ED52CD0D /* Debug */ = {
			isa = XCBuildConfiguration;
			buildSettings = {
				BUNDLE_LOADER = "$(TEST_HOST)";
				LD_RUNPATH_SEARCH_PATHS = (
					"$(inherited)",
					"@executable_path/Frameworks",
					"@loader_path/Frameworks",
				);
				PRODUCT_BUNDLE_IDENTIFIER = com.hyperfin.HyperFinTests;
				SDKROOT = iphoneos;
				TARGETED_DEVICE_FAMILY = "1,2";
				TEST_HOST = "$(BUILT_PRODUCTS_DIR)/HyperFin.app/HyperFin";
			};
			name = Debug;
		};
		B3D84817CF10BCC9D6E0B7F1 /* Debug */ = {
			isa = XCBuildConfiguration;
			buildSettings = {
				ALWAYS_SEARCH_USER_PATHS = NO;
				CLANG_ANALYZER_NONNULL = YES;
				CLANG_ANALYZER_NUMBER_OBJECT_CONVERSION = YES_AGGRESSIVE;
				CLANG_CXX_LANGUAGE_STANDARD = "gnu++14";
				CLANG_CXX_LIBRARY = "libc++";
				CLANG_ENABLE_MODULES = YES;
				CLANG_ENABLE_OBJC_ARC = YES;
				CLANG_ENABLE_OBJC_WEAK = YES;
				CLANG_WARN_BLOCK_CAPTURE_AUTORELEASING = YES;
				CLANG_WARN_BOOL_CONVERSION = YES;
				CLANG_WARN_COMMA = YES;
				CLANG_WARN_CONSTANT_CONVERSION = YES;
				CLANG_WARN_DEPRECATED_OBJC_IMPLEMENTATIONS = YES;
				CLANG_WARN_DIRECT_OBJC_ISA_USAGE = YES_ERROR;
				CLANG_WARN_DOCUMENTATION_COMMENTS = YES;
				CLANG_WARN_EMPTY_BODY = YES;
				CLANG_WARN_ENUM_CONVERSION = YES;
				CLANG_WARN_INFINITE_RECURSION = YES;
				CLANG_WARN_INT_CONVERSION = YES;
				CLANG_WARN_NON_LITERAL_NULL_CONVERSION = YES;
				CLANG_WARN_OBJC_IMPLICIT_RETAIN_SELF = YES;
				CLANG_WARN_OBJC_LITERAL_CONVERSION = YES;
				CLANG_WARN_OBJC_ROOT_CLASS = YES_ERROR;
				CLANG_WARN_QUOTED_INCLUDE_IN_FRAMEWORK_HEADER = YES;
				CLANG_WARN_RANGE_LOOP_ANALYSIS = YES;
				CLANG_WARN_STRICT_PROTOTYPES = YES;
				CLANG_WARN_SUSPICIOUS_MOVE = YES;
				CLANG_WARN_UNGUARDED_AVAILABILITY = YES_AGGRESSIVE;
				CLANG_WARN_UNREACHABLE_CODE = YES;
				CLANG_WARN__DUPLICATE_METHOD_MATCH = YES;
				CODE_SIGNING_REQUIRED = NO;
				CODE_SIGN_IDENTITY = "-";
				COPY_PHASE_STRIP = NO;
				DEBUG_INFORMATION_FORMAT = dwarf;
				DEVELOPMENT_TEAM = "";
				ENABLE_STRICT_OBJC_MSGSEND = YES;
				ENABLE_TESTABILITY = YES;
				GCC_C_LANGUAGE_STANDARD = gnu11;
				GCC_DYNAMIC_NO_PIC = NO;
				GCC_NO_COMMON_BLOCKS = YES;
				GCC_OPTIMIZATION_LEVEL = 0;
				GCC_PREPROCESSOR_DEFINITIONS = (
					"$(inherited)",
					"DEBUG=1",
				);
				GCC_WARN_64_TO_32_BIT_CONVERSION = YES;
				GCC_WARN_ABOUT_RETURN_TYPE = YES_ERROR;
				GCC_WARN_UNDECLARED_SELECTOR = YES;
				GCC_WARN_UNINITIALIZED_AUTOS = YES_AGGRESSIVE;
				GCC_WARN_UNUSED_FUNCTION = YES;
				GCC_WARN_UNUSED_VARIABLE = YES;
				IPHONEOS_DEPLOYMENT_TARGET = 18.0;
				MTL_ENABLE_DEBUG_INFO = INCLUDE_SOURCE;
				MTL_FAST_MATH = YES;
				ONLY_ACTIVE_ARCH = YES;
				PRODUCT_NAME = "$(TARGET_NAME)";
				SDKROOT = iphoneos;
				SWIFT_ACTIVE_COMPILATION_CONDITIONS = DEBUG;
				SWIFT_OPTIMIZATION_LEVEL = "-Onone";
				SWIFT_VERSION = 6.0;
			};
			name = Debug;
		};
/* End XCBuildConfiguration section */

/* Begin XCConfigurationList section */
		123753D9A2B1911CA6E6BFB5 /* Build configuration list for PBXNativeTarget "HyperFin" */ = {
			isa = XCConfigurationList;
			buildConfigurations = (
				3EA8ACC905D0F5637E871406 /* Debug */,
				283BB8FA923E8D5652A87098 /* Release */,
			);
			defaultConfigurationIsVisible = 0;
			defaultConfigurationName = Debug;
		};
		276BF8AE43978708FAA96928 /* Build configuration list for PBXProject "HyperFin" */ = {
			isa = XCConfigurationList;
			buildConfigurations = (
				B3D84817CF10BCC9D6E0B7F1 /* Debug */,
				85C8C58844B557C3A05B9660 /* Release */,
			);
			defaultConfigurationIsVisible = 0;
			defaultConfigurationName = Debug;
		};
		2D1943508DB1D6CCD547FC61 /* Build configuration list for PBXNativeTarget "HyperFinTests" */ = {
			isa = XCConfigurationList;
			buildConfigurations = (
				86733BE00E0F98E7ED52CD0D /* Debug */,
				204ADA0AD3D9CFC4D1E6E82D /* Release */,
			);
			defaultConfigurationIsVisible = 0;
			defaultConfigurationName = Debug;
		};
/* End XCConfigurationList section */

/* Begin XCLocalSwiftPackageReference section */
		323C2EB7DCE8C849001F6546 /* XCLocalSwiftPackageReference "Packages/HFSecurity" */ = {
			isa = XCLocalSwiftPackageReference;
			relativePath = Packages/HFSecurity;
		};
		72568FA6C24C7A6227695BD4 /* XCLocalSwiftPackageReference "Packages/HFIntelligence" */ = {
			isa = XCLocalSwiftPackageReference;
			relativePath = Packages/HFIntelligence;
		};
		BFA77E007FAF7C5644F11B0D /* XCLocalSwiftPackageReference "Packages/HFDomain" */ = {
			isa = XCLocalSwiftPackageReference;
			relativePath = Packages/HFDomain;
		};
		DE2072FC902AB498AFF171EF /* XCLocalSwiftPackageReference "Packages/HFNetworking" */ = {
			isa = XCLocalSwiftPackageReference;
			relativePath = Packages/HFNetworking;
		};
		E2F07A88E0510D8B31C21E70 /* XCLocalSwiftPackageReference "Packages/HFShared" */ = {
			isa = XCLocalSwiftPackageReference;
			relativePath = Packages/HFShared;
		};
		F9A108927B45EB57BD0B16EA /* XCLocalSwiftPackageReference "Packages/HFData" */ = {
			isa = XCLocalSwiftPackageReference;
			relativePath = Packages/HFData;
		};
/* End XCLocalSwiftPackageReference section */

/* Begin XCRemoteSwiftPackageReference section */
		A2D256227F35F1A747237FE4 /* XCRemoteSwiftPackageReference "plaid-link-ios" */ = {
			isa = XCRemoteSwiftPackageReference;
			repositoryURL = "https://github.com/plaid/plaid-link-ios";
			requirement = {
				kind = upToNextMajorVersion;
				minimumVersion = 5.6.0;
			};
		};
/* End XCRemoteSwiftPackageReference section */

/* Begin XCSwiftPackageProductDependency section */
		06B406D5ED72CF326F841681 /* HFDomain */ = {
			isa = XCSwiftPackageProductDependency;
			productName = HFDomain;
		};
		2D70D0EE1640DEA6F6FE73FF /* LinkKit */ = {
			isa = XCSwiftPackageProductDependency;
			package = A2D256227F35F1A747237FE4 /* XCRemoteSwiftPackageReference "plaid-link-ios" */;
			productName = LinkKit;
		};
		61FA0EE251134504B1DC6572 /* HFSecurity */ = {
			isa = XCSwiftPackageProductDependency;
			productName = HFSecurity;
		};
		7070996BCA655E38806E3383 /* HFIntelligence */ = {
			isa = XCSwiftPackageProductDependency;
			productName = HFIntelligence;
		};
		DBC8DFF752196A673A56941A /* HFNetworking */ = {
			isa = XCSwiftPackageProductDependency;
			productName = HFNetworking;
		};
		E6B06C1539B8E0971B74B184 /* HFShared */ = {
			isa = XCSwiftPackageProductDependency;
			productName = HFShared;
		};
		EBBB4E7ADA946CC493CCD8E2 /* HFData */ = {
			isa = XCSwiftPackageProductDependency;
			productName = HFData;
		};
/* End XCSwiftPackageProductDependency section */
	};
	rootObject = 2EBB71980AF9879A99260A44 /* Project object */;
}
